// !$*UTF8*$!
{
	archiveVersion = 1;
	classes = {
	};
	objectVersion = 50;
	objects = {

/* Begin PBXBuildFile section */
		2401EE1C258108A400D2213C /* ContentView.swift in Sources */ = {isa = PBXBuildFile; fileRef = 2401EE1B258108A400D2213C /* ContentView.swift */; };
		2401EE212581091500D2213C /* LandmarksApp.swift in Sources */ = {isa = PBXBuildFile; fileRef = 2401EE202581091500D2213C /* LandmarksApp.swift */; };
		2401EE2925810B8000D2213C /* FavoriteButton.swift in Sources */ = {isa = PBXBuildFile; fileRef = 2401EE2825810B8000D2213C /* FavoriteButton.swift */; };
		241BC96A259CAD9B00E1DC03 /* CategoryHome.swift in Sources */ = {isa = PBXBuildFile; fileRef = 241BC969259CAD9B00E1DC03 /* CategoryHome.swift */; };
		2438C5E3255D6DA200C73FF2 /* CircleImage.swift in Sources */ = {isa = PBXBuildFile; fileRef = 2438C5E2255D6DA200C73FF2 /* CircleImage.swift */; };
		2438C5E8255D6F4B00C73FF2 /* MapView.swift in Sources */ = {isa = PBXBuildFile; fileRef = 2438C5E7255D6F4B00C73FF2 /* MapView.swift */; };
		24597A37259F3D0300EDFB20 /* CategoryRow.swift in Sources */ = {isa = PBXBuildFile; fileRef = 24597A36259F3D0300EDFB20 /* CategoryRow.swift */; };
		24597A3C259F454300EDFB20 /* CategoryItem.swift in Sources */ = {isa = PBXBuildFile; fileRef = 24597A3B259F454300EDFB20 /* CategoryItem.swift */; };
		24706B61257BADEE0094457F /* landmarkData.json in Resources */ = {isa = PBXBuildFile; fileRef = 24706B54257BADEE0094457F /* landmarkData.json */; };
		24706B69257BAE8A0094457F /* LandmarkDetail.swift in Sources */ = {isa = PBXBuildFile; fileRef = 24706B68257BAE8A0094457F /* LandmarkDetail.swift */; };
		24706B71257BAFC50094457F /* Data.swift in Sources */ = {isa = PBXBuildFile; fileRef = 24706B70257BAFC50094457F /* Data.swift */; };
		24706B76257BAFD40094457F /* Landmark.swift in Sources */ = {isa = PBXBuildFile; fileRef = 24706B75257BAFD40094457F /* Landmark.swift */; };
		24706B7E257BB2510094457F /* LandmarkRow.swift in Sources */ = {isa = PBXBuildFile; fileRef = 24706B7D257BB2510094457F /* LandmarkRow.swift */; };
		24706B83257BB4A20094457F /* LandmarkList.swift in Sources */ = {isa = PBXBuildFile; fileRef = 24706B82257BB4A20094457F /* LandmarkList.swift */; };
		247078B7259B3B7500D609D7 /* HexagonParameters.swift in Sources */ = {isa = PBXBuildFile; fileRef = 247078B6259B3B7500D609D7 /* HexagonParameters.swift */; };
		247078BC259B3E9B00D609D7 /* BadgeBackground.swift in Sources */ = {isa = PBXBuildFile; fileRef = 247078BB259B3E9B00D609D7 /* BadgeBackground.swift */; };
		247078C1259B4E7F00D609D7 /* BadgeSymbol.swift in Sources */ = {isa = PBXBuildFile; fileRef = 247078C0259B4E7F00D609D7 /* BadgeSymbol.swift */; };
		247078C6259B528A00D609D7 /* RotatedBadgeSymbol.swift in Sources */ = {isa = PBXBuildFile; fileRef = 247078C5259B528A00D609D7 /* RotatedBadgeSymbol.swift */; };
		247078CB259B576B00D609D7 /* Badge.swift in Sources */ = {isa = PBXBuildFile; fileRef = 247078CA259B576B00D609D7 /* Badge.swift */; };
		247078DD259B5DF500D609D7 /* hikeData.json in Resources */ = {isa = PBXBuildFile; fileRef = 247078DC259B5DF500D609D7 /* hikeData.json */; };
		247078E2259B5E9500D609D7 /* Hike.swift in Sources */ = {isa = PBXBuildFile; fileRef = 247078E1259B5E9500D609D7 /* Hike.swift */; };
		247078F1259B60A100D609D7 /* HikeView.swift in Sources */ = {isa = PBXBuildFile; fileRef = 247078F0259B60A100D609D7 /* HikeView.swift */; };
		247078F6259B60AF00D609D7 /* HikeDetail.swift in Sources */ = {isa = PBXBuildFile; fileRef = 247078F5259B60AE00D609D7 /* HikeDetail.swift */; };
		247078FB259B60C700D609D7 /* HikeGraph.swift in Sources */ = {isa = PBXBuildFile; fileRef = 247078FA259B60C700D609D7 /* HikeGraph.swift */; };
		24707900259B60D000D609D7 /* GraphCapsule.swift in Sources */ = {isa = PBXBuildFile; fileRef = 247078FF259B60D000D609D7 /* GraphCapsule.swift */; };
		2482F25A259FF0A0000B1666 /* Profile.swift in Sources */ = {isa = PBXBuildFile; fileRef = 2482F259259FF0A0000B1666 /* Profile.swift */; };
		2482F260259FF1F2000B1666 /* ProfileHost.swift in Sources */ = {isa = PBXBuildFile; fileRef = 2482F25F259FF1F2000B1666 /* ProfileHost.swift */; };
		2482F268259FF29D000B1666 /* ProfileSummary.swift in Sources */ = {isa = PBXBuildFile; fileRef = 2482F267259FF29D000B1666 /* ProfileSummary.swift */; };
		2482F26D259FF540000B1666 /* HikeBadge.swift in Sources */ = {isa = PBXBuildFile; fileRef = 2482F26C259FF540000B1666 /* HikeBadge.swift */; };
		24ED44B625596D2B0016D94D /* AppDelegate.swift in Sources */ = {isa = PBXBuildFile; fileRef = 24ED44B525596D2B0016D94D /* AppDelegate.swift */; };
		24ED44B825596D2B0016D94D /* SceneDelegate.swift in Sources */ = {isa = PBXBuildFile; fileRef = 24ED44B725596D2B0016D94D /* SceneDelegate.swift */; };
		24ED44BC25596D300016D94D /* Assets.xcassets in Resources */ = {isa = PBXBuildFile; fileRef = 24ED44BB25596D300016D94D /* Assets.xcassets */; };
		24ED44BF25596D300016D94D /* Preview Assets.xcassets in Resources */ = {isa = PBXBuildFile; fileRef = 24ED44BE25596D300016D94D /* Preview Assets.xcassets */; };
		24ED44C225596D300016D94D /* LaunchScreen.storyboard in Resources */ = {isa = PBXBuildFile; fileRef = 24ED44C025596D300016D94D /* LaunchScreen.storyboard */; };
		24ED44CD25596D300016D94D /* SwiftUi_practiceTests.swift in Sources */ = {isa = PBXBuildFile; fileRef = 24ED44CC25596D300016D94D /* SwiftUi_practiceTests.swift */; };
		24ED44D825596D300016D94D /* SwiftUi_practiceUITests.swift in Sources */ = {isa = PBXBuildFile; fileRef = 24ED44D725596D300016D94D /* SwiftUi_practiceUITests.swift */; };
/* End PBXBuildFile section */

/* Begin PBXContainerItemProxy section */
		24ED44C925596D300016D94D /* PBXContainerItemProxy */ = {
			isa = PBXContainerItemProxy;
			containerPortal = 24ED44AA25596D2A0016D94D /* Project object */;
			proxyType = 1;
			remoteGlobalIDString = 24ED44B125596D2A0016D94D;
			remoteInfo = "SwiftUi-practice";
		};
		24ED44D425596D300016D94D /* PBXContainerItemProxy */ = {
			isa = PBXContainerItemProxy;
			containerPortal = 24ED44AA25596D2A0016D94D /* Project object */;
			proxyType = 1;
			remoteGlobalIDString = 24ED44B125596D2A0016D94D;
			remoteInfo = "SwiftUi-practice";
		};
/* End PBXContainerItemProxy section */

/* Begin PBXFileReference section */
		2401EE1B258108A400D2213C /* ContentView.swift */ = {isa = PBXFileReference; lastKnownFileType = sourcecode.swift; path = ContentView.swift; sourceTree = "<group>"; };
		2401EE202581091500D2213C /* LandmarksApp.swift */ = {isa = PBXFileReference; lastKnownFileType = sourcecode.swift; path = LandmarksApp.swift; sourceTree = "<group>"; };
		2401EE2825810B8000D2213C /* FavoriteButton.swift */ = {isa = PBXFileReference; lastKnownFileType = sourcecode.swift; path = FavoriteButton.swift; sourceTree = "<group>"; };
		241BC969259CAD9B00E1DC03 /* CategoryHome.swift */ = {isa = PBXFileReference; lastKnownFileType = sourcecode.swift; path = CategoryHome.swift; sourceTree = "<group>"; };
		2438C5E2255D6DA200C73FF2 /* CircleImage.swift */ = {isa = PBXFileReference; lastKnownFileType = sourcecode.swift; path = CircleImage.swift; sourceTree = "<group>"; };
		2438C5E7255D6F4B00C73FF2 /* MapView.swift */ = {isa = PBXFileReference; lastKnownFileType = sourcecode.swift; path = MapView.swift; sourceTree = "<group>"; };
		24597A36259F3D0300EDFB20 /* CategoryRow.swift */ = {isa = PBXFileReference; lastKnownFileType = sourcecode.swift; path = CategoryRow.swift; sourceTree = "<group>"; };
		24597A3B259F454300EDFB20 /* CategoryItem.swift */ = {isa = PBXFileReference; lastKnownFileType = sourcecode.swift; path = CategoryItem.swift; sourceTree = "<group>"; };
		24706B54257BADEE0094457F /* landmarkData.json */ = {isa = PBXFileReference; fileEncoding = 4; lastKnownFileType = text.json; name = landmarkData.json; path = "../../../../../swiftui resources/BuildingListsAndNavigation/StartingPoint/Landmarks/Landmarks/Resources/landmarkData.json"; sourceTree = "<group>"; };
		24706B68257BAE8A0094457F /* LandmarkDetail.swift */ = {isa = PBXFileReference; lastKnownFileType = sourcecode.swift; path = LandmarkDetail.swift; sourceTree = "<group>"; };
		24706B70257BAFC50094457F /* Data.swift */ = {isa = PBXFileReference; lastKnownFileType = sourcecode.swift; path = Data.swift; sourceTree = "<group>"; };
		24706B75257BAFD40094457F /* Landmark.swift */ = {isa = PBXFileReference; lastKnownFileType = sourcecode.swift; path = Landmark.swift; sourceTree = "<group>"; };
		24706B7D257BB2510094457F /* LandmarkRow.swift */ = {isa = PBXFileReference; lastKnownFileType = sourcecode.swift; path = LandmarkRow.swift; sourceTree = "<group>"; };
		24706B82257BB4A20094457F /* LandmarkList.swift */ = {isa = PBXFileReference; lastKnownFileType = sourcecode.swift; path = LandmarkList.swift; sourceTree = "<group>"; };
		247078B6259B3B7500D609D7 /* HexagonParameters.swift */ = {isa = PBXFileReference; lastKnownFileType = sourcecode.swift; path = HexagonParameters.swift; sourceTree = "<group>"; };
		247078BB259B3E9B00D609D7 /* BadgeBackground.swift */ = {isa = PBXFileReference; lastKnownFileType = sourcecode.swift; path = BadgeBackground.swift; sourceTree = "<group>"; };
		247078C0259B4E7F00D609D7 /* BadgeSymbol.swift */ = {isa = PBXFileReference; lastKnownFileType = sourcecode.swift; path = BadgeSymbol.swift; sourceTree = "<group>"; };
		247078C5259B528A00D609D7 /* RotatedBadgeSymbol.swift */ = {isa = PBXFileReference; lastKnownFileType = sourcecode.swift; path = RotatedBadgeSymbol.swift; sourceTree = "<group>"; };
		247078CA259B576B00D609D7 /* Badge.swift */ = {isa = PBXFileReference; lastKnownFileType = sourcecode.swift; path = Badge.swift; sourceTree = "<group>"; };
		247078DC259B5DF500D609D7 /* hikeData.json */ = {isa = PBXFileReference; fileEncoding = 4; lastKnownFileType = text.json; path = hikeData.json; sourceTree = "<group>"; };
		247078E1259B5E9500D609D7 /* Hike.swift */ = {isa = PBXFileReference; lastKnownFileType = sourcecode.swift; path = Hike.swift; sourceTree = "<group>"; };
		247078F0259B60A100D609D7 /* HikeView.swift */ = {isa = PBXFileReference; fileEncoding = 4; lastKnownFileType = sourcecode.swift; path = HikeView.swift; sourceTree = "<group>"; };
		247078F5259B60AE00D609D7 /* HikeDetail.swift */ = {isa = PBXFileReference; fileEncoding = 4; lastKnownFileType = sourcecode.swift; path = HikeDetail.swift; sourceTree = "<group>"; };
		247078FA259B60C700D609D7 /* HikeGraph.swift */ = {isa = PBXFileReference; fileEncoding = 4; lastKnownFileType = sourcecode.swift; path = HikeGraph.swift; sourceTree = "<group>"; };
		247078FF259B60D000D609D7 /* GraphCapsule.swift */ = {isa = PBXFileReference; fileEncoding = 4; lastKnownFileType = sourcecode.swift; path = GraphCapsule.swift; sourceTree = "<group>"; };
		2482F259259FF0A0000B1666 /* Profile.swift */ = {isa = PBXFileReference; lastKnownFileType = sourcecode.swift; path = Profile.swift; sourceTree = "<group>"; };
		2482F25F259FF1F2000B1666 /* ProfileHost.swift */ = {isa = PBXFileReference; lastKnownFileType = sourcecode.swift; path = ProfileHost.swift; sourceTree = "<group>"; };
		2482F267259FF29D000B1666 /* ProfileSummary.swift */ = {isa = PBXFileReference; lastKnownFileType = sourcecode.swift; path = ProfileSummary.swift; sourceTree = "<group>"; };
		2482F26C259FF540000B1666 /* HikeBadge.swift */ = {isa = PBXFileReference; lastKnownFileType = sourcecode.swift; path = HikeBadge.swift; sourceTree = "<group>"; };
		24ED44B225596D2B0016D94D /* SwiftUi-practice.app */ = {isa = PBXFileReference; explicitFileType = wrapper.application; includeInIndex = 0; path = "SwiftUi-practice.app"; sourceTree = BUILT_PRODUCTS_DIR; };
		24ED44B525596D2B0016D94D /* AppDelegate.swift */ = {isa = PBXFileReference; lastKnownFileType = sourcecode.swift; path = AppDelegate.swift; sourceTree = "<group>"; };
		24ED44B725596D2B0016D94D /* SceneDelegate.swift */ = {isa = PBXFileReference; lastKnownFileType = sourcecode.swift; path = SceneDelegate.swift; sourceTree = "<group>"; };
		24ED44BB25596D300016D94D /* Assets.xcassets */ = {isa = PBXFileReference; lastKnownFileType = folder.assetcatalog; path = Assets.xcassets; sourceTree = "<group>"; };
		24ED44BE25596D300016D94D /* Preview Assets.xcassets */ = {isa = PBXFileReference; lastKnownFileType = folder.assetcatalog; path = "Preview Assets.xcassets"; sourceTree = "<group>"; };
		24ED44C125596D300016D94D /* Base */ = {isa = PBXFileReference; lastKnownFileType = file.storyboard; name = Base; path = Base.lproj/LaunchScreen.storyboard; sourceTree = "<group>"; };
		24ED44C325596D300016D94D /* Info.plist */ = {isa = PBXFileReference; lastKnownFileType = text.plist.xml; path = Info.plist; sourceTree = "<group>"; };
		24ED44C825596D300016D94D /* SwiftUi-practiceTests.xctest */ = {isa = PBXFileReference; explicitFileType = wrapper.cfbundle; includeInIndex = 0; path = "SwiftUi-practiceTests.xctest"; sourceTree = BUILT_PRODUCTS_DIR; };
		24ED44CC25596D300016D94D /* SwiftUi_practiceTests.swift */ = {isa = PBXFileReference; lastKnownFileType = sourcecode.swift; path = SwiftUi_practiceTests.swift; sourceTree = "<group>"; };
		24ED44CE25596D300016D94D /* Info.plist */ = {isa = PBXFileReference; lastKnownFileType = text.plist.xml; path = Info.plist; sourceTree = "<group>"; };
		24ED44D325596D300016D94D /* SwiftUi-practiceUITests.xctest */ = {isa = PBXFileReference; explicitFileType = wrapper.cfbundle; includeInIndex = 0; path = "SwiftUi-practiceUITests.xctest"; sourceTree = BUILT_PRODUCTS_DIR; };
		24ED44D725596D300016D94D /* SwiftUi_practiceUITests.swift */ = {isa = PBXFileReference; lastKnownFileType = sourcecode.swift; path = SwiftUi_practiceUITests.swift; sourceTree = "<group>"; };
		24ED44D925596D300016D94D /* Info.plist */ = {isa = PBXFileReference; lastKnownFileType = text.plist.xml; path = Info.plist; sourceTree = "<group>"; };
/* End PBXFileReference section */

/* Begin PBXFrameworksBuildPhase section */
		24ED44AF25596D2A0016D94D /* Frameworks */ = {
			isa = PBXFrameworksBuildPhase;
			buildActionMask = 2147483647;
			files = (
			);
			runOnlyForDeploymentPostprocessing = 0;
		};
		24ED44C525596D300016D94D /* Frameworks */ = {
			isa = PBXFrameworksBuildPhase;
			buildActionMask = 2147483647;
			files = (
			);
			runOnlyForDeploymentPostprocessing = 0;
		};
		24ED44D025596D300016D94D /* Frameworks */ = {
			isa = PBXFrameworksBuildPhase;
			buildActionMask = 2147483647;
			files = (
			);
			runOnlyForDeploymentPostprocessing = 0;
		};
/* End PBXFrameworksBuildPhase section */

/* Begin PBXGroup section */
		2401EE3025810CE600D2213C /* Helpers */ = {
			isa = PBXGroup;
			children = (
				2438C5E2255D6DA200C73FF2 /* CircleImage.swift */,
				2438C5E7255D6F4B00C73FF2 /* MapView.swift */,
				2401EE2825810B8000D2213C /* FavoriteButton.swift */,
			);
			path = Helpers;
			sourceTree = "<group>";
		};
		2401EE3125810CEC00D2213C /* Landmarks */ = {
			isa = PBXGroup;
			children = (
				24706B68257BAE8A0094457F /* LandmarkDetail.swift */,
				24706B7D257BB2510094457F /* LandmarkRow.swift */,
				24706B82257BB4A20094457F /* LandmarkList.swift */,
			);
			path = Landmarks;
			sourceTree = "<group>";
		};
		241BC968259CAD7800E1DC03 /* Categories */ = {
			isa = PBXGroup;
			children = (
				241BC969259CAD9B00E1DC03 /* CategoryHome.swift */,
				24597A36259F3D0300EDFB20 /* CategoryRow.swift */,
				24597A3B259F454300EDFB20 /* CategoryItem.swift */,
			);
			path = Categories;
			sourceTree = "<group>";
		};
		24706B48257BAD660094457F /* Resources */ = {
			isa = PBXGroup;
			children = (
				247078DC259B5DF500D609D7 /* hikeData.json */,
				24706B54257BADEE0094457F /* landmarkData.json */,
			);
			path = Resources;
			sourceTree = "<group>";
		};
		24706B49257BAD770094457F /* Views */ = {
			isa = PBXGroup;
			children = (
				2401EE1B258108A400D2213C /* ContentView.swift */,
				2482F25E259FF1B0000B1666 /* Profiles */,
				241BC968259CAD7800E1DC03 /* Categories */,
				247078EF259B606200D609D7 /* Hikes */,
				247078CF259B59CA00D609D7 /* Badges */,
				2401EE3125810CEC00D2213C /* Landmarks */,
				2401EE3025810CE600D2213C /* Helpers */,
			);
			path = Views;
			sourceTree = "<group>";
		};
		24706B67257BAE180094457F /* Models */ = {
			isa = PBXGroup;
			children = (
				24706B70257BAFC50094457F /* Data.swift */,
				24706B75257BAFD40094457F /* Landmark.swift */,
				247078E1259B5E9500D609D7 /* Hike.swift */,
				2482F259259FF0A0000B1666 /* Profile.swift */,
			);
			path = Models;
			sourceTree = "<group>";
		};
		247078CF259B59CA00D609D7 /* Badges */ = {
			isa = PBXGroup;
			children = (
				247078B6259B3B7500D609D7 /* HexagonParameters.swift */,
				247078BB259B3E9B00D609D7 /* BadgeBackground.swift */,
				247078C0259B4E7F00D609D7 /* BadgeSymbol.swift */,
				247078C5259B528A00D609D7 /* RotatedBadgeSymbol.swift */,
				247078CA259B576B00D609D7 /* Badge.swift */,
				2482F26C259FF540000B1666 /* HikeBadge.swift */,
			);
			path = Badges;
			sourceTree = "<group>";
		};
		247078EF259B606200D609D7 /* Hikes */ = {
			isa = PBXGroup;
			children = (
				247078F0259B60A100D609D7 /* HikeView.swift */,
				247078F5259B60AE00D609D7 /* HikeDetail.swift */,
				247078FA259B60C700D609D7 /* HikeGraph.swift */,
				247078FF259B60D000D609D7 /* GraphCapsule.swift */,
			);
			path = Hikes;
			sourceTree = "<group>";
		};
		2482F25E259FF1B0000B1666 /* Profiles */ = {
			isa = PBXGroup;
			children = (
				2482F25F259FF1F2000B1666 /* ProfileHost.swift */,
				2482F267259FF29D000B1666 /* ProfileSummary.swift */,
			);
			path = Profiles;
			sourceTree = "<group>";
		};
		24ED44A925596D2A0016D94D = {
			isa = PBXGroup;
			children = (
				24ED44B425596D2B0016D94D /* SwiftUi-practice */,
				24ED44CB25596D300016D94D /* SwiftUi-practiceTests */,
				24ED44D625596D300016D94D /* SwiftUi-practiceUITests */,
				24ED44B325596D2B0016D94D /* Products */,
			);
			sourceTree = "<group>";
		};
		24ED44B325596D2B0016D94D /* Products */ = {
			isa = PBXGroup;
			children = (
				24ED44B225596D2B0016D94D /* SwiftUi-practice.app */,
				24ED44C825596D300016D94D /* SwiftUi-practiceTests.xctest */,
				24ED44D325596D300016D94D /* SwiftUi-practiceUITests.xctest */,
			);
			name = Products;
			sourceTree = "<group>";
		};
		24ED44B425596D2B0016D94D /* SwiftUi-practice */ = {
			isa = PBXGroup;
			children = (
				2401EE202581091500D2213C /* LandmarksApp.swift */,
				24706B67257BAE180094457F /* Models */,
				24706B49257BAD770094457F /* Views */,
				24ED44BD25596D300016D94D /* Preview Content */,
				24706B48257BAD660094457F /* Resources */,
				24ED44BB25596D300016D94D /* Assets.xcassets */,
				24ED44C325596D300016D94D /* Info.plist */,
				24ED44B525596D2B0016D94D /* AppDelegate.swift */,
				24ED44C025596D300016D94D /* LaunchScreen.storyboard */,
				24ED44B725596D2B0016D94D /* SceneDelegate.swift */,
			);
			path = "SwiftUi-practice";
			sourceTree = "<group>";
		};
		24ED44BD25596D300016D94D /* Preview Content */ = {
			isa = PBXGroup;
			children = (
				24ED44BE25596D300016D94D /* Preview Assets.xcassets */,
			);
			path = "Preview Content";
			sourceTree = "<group>";
		};
		24ED44CB25596D300016D94D /* SwiftUi-practiceTests */ = {
			isa = PBXGroup;
			children = (
				24ED44CC25596D300016D94D /* SwiftUi_practiceTests.swift */,
				24ED44CE25596D300016D94D /* Info.plist */,
			);
			path = "SwiftUi-practiceTests";
			sourceTree = "<group>";
		};
		24ED44D625596D300016D94D /* SwiftUi-practiceUITests */ = {
			isa = PBXGroup;
			children = (
				24ED44D725596D300016D94D /* SwiftUi_practiceUITests.swift */,
				24ED44D925596D300016D94D /* Info.plist */,
			);
			path = "SwiftUi-practiceUITests";
			sourceTree = "<group>";
		};
/* End PBXGroup section */

/* Begin PBXNativeTarget section */
		24ED44B125596D2A0016D94D /* SwiftUi-practice */ = {
			isa = PBXNativeTarget;
			buildConfigurationList = 24ED44DC25596D300016D94D /* Build configuration list for PBXNativeTarget "SwiftUi-practice" */;
			buildPhases = (
				24ED44AE25596D2A0016D94D /* Sources */,
				24ED44AF25596D2A0016D94D /* Frameworks */,
				24ED44B025596D2A0016D94D /* Resources */,
			);
			buildRules = (
			);
			dependencies = (
			);
			name = "SwiftUi-practice";
			productName = "SwiftUi-practice";
			productReference = 24ED44B225596D2B0016D94D /* SwiftUi-practice.app */;
			productType = "com.apple.product-type.application";
		};
		24ED44C725596D300016D94D /* SwiftUi-practiceTests */ = {
			isa = PBXNativeTarget;
			buildConfigurationList = 24ED44DF25596D300016D94D /* Build configuration list for PBXNativeTarget "SwiftUi-practiceTests" */;
			buildPhases = (
				24ED44C425596D300016D94D /* Sources */,
				24ED44C525596D300016D94D /* Frameworks */,
				24ED44C625596D300016D94D /* Resources */,
			);
			buildRules = (
			);
			dependencies = (
				24ED44CA25596D300016D94D /* PBXTargetDependency */,
			);
			name = "SwiftUi-practiceTests";
			productName = "SwiftUi-practiceTests";
			productReference = 24ED44C825596D300016D94D /* SwiftUi-practiceTests.xctest */;
			productType = "com.apple.product-type.bundle.unit-test";
		};
		24ED44D225596D300016D94D /* SwiftUi-practiceUITests */ = {
			isa = PBXNativeTarget;
			buildConfigurationList = 24ED44E225596D300016D94D /* Build configuration list for PBXNativeTarget "SwiftUi-practiceUITests" */;
			buildPhases = (
				24ED44CF25596D300016D94D /* Sources */,
				24ED44D025596D300016D94D /* Frameworks */,
				24ED44D125596D300016D94D /* Resources */,
			);
			buildRules = (
			);
			dependencies = (
				24ED44D525596D300016D94D /* PBXTargetDependency */,
			);
			name = "SwiftUi-practiceUITests";
			productName = "SwiftUi-practiceUITests";
			productReference = 24ED44D325596D300016D94D /* SwiftUi-practiceUITests.xctest */;
			productType = "com.apple.product-type.bundle.ui-testing";
		};
/* End PBXNativeTarget section */

/* Begin PBXProject section */
		24ED44AA25596D2A0016D94D /* Project object */ = {
			isa = PBXProject;
			attributes = {
				LastSwiftUpdateCheck = 1200;
				LastUpgradeCheck = 1200;
				TargetAttributes = {
					24ED44B125596D2A0016D94D = {
						CreatedOnToolsVersion = 12.0.1;
					};
					24ED44C725596D300016D94D = {
						CreatedOnToolsVersion = 12.0.1;
						TestTargetID = 24ED44B125596D2A0016D94D;
					};
					24ED44D225596D300016D94D = {
						CreatedOnToolsVersion = 12.0.1;
						TestTargetID = 24ED44B125596D2A0016D94D;
					};
				};
			};
			buildConfigurationList = 24ED44AD25596D2A0016D94D /* Build configuration list for PBXProject "SwiftUi-practice" */;
			compatibilityVersion = "Xcode 9.3";
			developmentRegion = en;
			hasScannedForEncodings = 0;
			knownRegions = (
				en,
				Base,
			);
			mainGroup = 24ED44A925596D2A0016D94D;
			productRefGroup = 24ED44B325596D2B0016D94D /* Products */;
			projectDirPath = "";
			projectRoot = "";
			targets = (
				24ED44B125596D2A0016D94D /* SwiftUi-practice */,
				24ED44C725596D300016D94D /* SwiftUi-practiceTests */,
				24ED44D225596D300016D94D /* SwiftUi-practiceUITests */,
			);
		};
/* End PBXProject section */

/* Begin PBXResourcesBuildPhase section */
		24ED44B025596D2A0016D94D /* Resources */ = {
			isa = PBXResourcesBuildPhase;
			buildActionMask = 2147483647;
			files = (
				24ED44C225596D300016D94D /* LaunchScreen.storyboard in Resources */,
				247078DD259B5DF500D609D7 /* hikeData.json in Resources */,
				24ED44BF25596D300016D94D /* Preview Assets.xcassets in Resources */,
				24706B61257BADEE0094457F /* landmarkData.json in Resources */,
				24ED44BC25596D300016D94D /* Assets.xcassets in Resources */,
			);
			runOnlyForDeploymentPostprocessing = 0;
		};
		24ED44C625596D300016D94D /* Resources */ = {
			isa = PBXResourcesBuildPhase;
			buildActionMask = 2147483647;
			files = (
			);
			runOnlyForDeploymentPostprocessing = 0;
		};
		24ED44D125596D300016D94D /* Resources */ = {
			isa = PBXResourcesBuildPhase;
			buildActionMask = 2147483647;
			files = (
			);
			runOnlyForDeploymentPostprocessing = 0;
		};
/* End PBXResourcesBuildPhase section */

/* Begin PBXSourcesBuildPhase section */
		24ED44AE25596D2A0016D94D /* Sources */ = {
			isa = PBXSourcesBuildPhase;
			buildActionMask = 2147483647;
			files = (
				24706B71257BAFC50094457F /* Data.swift in Sources */,
				247078CB259B576B00D609D7 /* Badge.swift in Sources */,
				2482F268259FF29D000B1666 /* ProfileSummary.swift in Sources */,
				24ED44B625596D2B0016D94D /* AppDelegate.swift in Sources */,
				2482F25A259FF0A0000B1666 /* Profile.swift in Sources */,
				2438C5E3255D6DA200C73FF2 /* CircleImage.swift in Sources */,
				247078FB259B60C700D609D7 /* HikeGraph.swift in Sources */,
				2482F260259FF1F2000B1666 /* ProfileHost.swift in Sources */,
				247078F1259B60A100D609D7 /* HikeView.swift in Sources */,
				24707900259B60D000D609D7 /* GraphCapsule.swift in Sources */,
				2401EE2925810B8000D2213C /* FavoriteButton.swift in Sources */,
				24706B76257BAFD40094457F /* Landmark.swift in Sources */,
				247078E2259B5E9500D609D7 /* Hike.swift in Sources */,
				24597A37259F3D0300EDFB20 /* CategoryRow.swift in Sources */,
				2401EE212581091500D2213C /* LandmarksApp.swift in Sources */,
				24706B83257BB4A20094457F /* LandmarkList.swift in Sources */,
				2438C5E8255D6F4B00C73FF2 /* MapView.swift in Sources */,
				247078C1259B4E7F00D609D7 /* BadgeSymbol.swift in Sources */,
				2401EE1C258108A400D2213C /* ContentView.swift in Sources */,
				247078BC259B3E9B00D609D7 /* BadgeBackground.swift in Sources */,
				247078B7259B3B7500D609D7 /* HexagonParameters.swift in Sources */,
				2482F26D259FF540000B1666 /* HikeBadge.swift in Sources */,
				24597A3C259F454300EDFB20 /* CategoryItem.swift in Sources */,
				24ED44B825596D2B0016D94D /* SceneDelegate.swift in Sources */,
				24706B7E257BB2510094457F /* LandmarkRow.swift in Sources */,
				24706B69257BAE8A0094457F /* LandmarkDetail.swift in Sources */,
				247078C6259B528A00D609D7 /* RotatedBadgeSymbol.swift in Sources */,
				241BC96A259CAD9B00E1DC03 /* CategoryHome.swift in Sources */,
				247078F6259B60AF00D609D7 /* HikeDetail.swift in Sources */,
			);
			runOnlyForDeploymentPostprocessing = 0;
		};
		24ED44C425596D300016D94D /* Sources */ = {
			isa = PBXSourcesBuildPhase;
			buildActionMask = 2147483647;
			files = (
				24ED44CD25596D300016D94D /* SwiftUi_practiceTests.swift in Sources */,
			);
			runOnlyForDeploymentPostprocessing = 0;
		};
		24ED44CF25596D300016D94D /* Sources */ = {
			isa = PBXSourcesBuildPhase;
			buildActionMask = 2147483647;
			files = (
				24ED44D825596D300016D94D /* SwiftUi_practiceUITests.swift in Sources */,
			);
			runOnlyForDeploymentPostprocessing = 0;
		};
/* End PBXSourcesBuildPhase section */

/* Begin PBXTargetDependency section */
		24ED44CA25596D300016D94D /* PBXTargetDependency */ = {
			isa = PBXTargetDependency;
			target = 24ED44B125596D2A0016D94D /* SwiftUi-practice */;
			targetProxy = 24ED44C925596D300016D94D /* PBXContainerItemProxy */;
		};
		24ED44D525596D300016D94D /* PBXTargetDependency */ = {
			isa = PBXTargetDependency;
			target = 24ED44B125596D2A0016D94D /* SwiftUi-practice */;
			targetProxy = 24ED44D425596D300016D94D /* PBXContainerItemProxy */;
		};
/* End PBXTargetDependency section */

/* Begin PBXVariantGroup section */
		24ED44C025596D300016D94D /* LaunchScreen.storyboard */ = {
			isa = PBXVariantGroup;
			children = (
				24ED44C125596D300016D94D /* Base */,
			);
			name = LaunchScreen.storyboard;
			sourceTree = "<group>";
		};
/* End PBXVariantGroup section */

/* Begin XCBuildConfiguration section */
		24ED44DA25596D300016D94D /* Debug */ = {
			isa = XCBuildConfiguration;
			buildSettings = {
				ALWAYS_SEARCH_USER_PATHS = NO;
				CLANG_ANALYZER_NONNULL = YES;
				CLANG_ANALYZER_NUMBER_OBJECT_CONVERSION = YES_AGGRESSIVE;
				CLANG_CXX_LANGUAGE_STANDARD = "gnu++14";
				CLANG_CXX_LIBRARY = "libc++";
				CLANG_ENABLE_MODULES = YES;
				CLANG_ENABLE_OBJC_ARC = YES;
				CLANG_ENABLE_OBJC_WEAK = YES;
				CLANG_WARN_BLOCK_CAPTURE_AUTORELEASING = YES;
				CLANG_WARN_BOOL_CONVERSION = YES;
				CLANG_WARN_COMMA = YES;
				CLANG_WARN_CONSTANT_CONVERSION = YES;
				CLANG_WARN_DEPRECATED_OBJC_IMPLEMENTATIONS = YES;
				CLANG_WARN_DIRECT_OBJC_ISA_USAGE = YES_ERROR;
				CLANG_WARN_DOCUMENTATION_COMMENTS = YES;
				CLANG_WARN_EMPTY_BODY = YES;
				CLANG_WARN_ENUM_CONVERSION = YES;
				CLANG_WARN_INFINITE_RECURSION = YES;
				CLANG_WARN_INT_CONVERSION = YES;
				CLANG_WARN_NON_LITERAL_NULL_CONVERSION = YES;
				CLANG_WARN_OBJC_IMPLICIT_RETAIN_SELF = YES;
				CLANG_WARN_OBJC_LITERAL_CONVERSION = YES;
				CLANG_WARN_OBJC_ROOT_CLASS = YES_ERROR;
				CLANG_WARN_QUOTED_INCLUDE_IN_FRAMEWORK_HEADER = YES;
				CLANG_WARN_RANGE_LOOP_ANALYSIS = YES;
				CLANG_WARN_STRICT_PROTOTYPES = YES;
				CLANG_WARN_SUSPICIOUS_MOVE = YES;
				CLANG_WARN_UNGUARDED_AVAILABILITY = YES_AGGRESSIVE;
				CLANG_WARN_UNREACHABLE_CODE = YES;
				CLANG_WARN__DUPLICATE_METHOD_MATCH = YES;
				COPY_PHASE_STRIP = NO;
				DEBUG_INFORMATION_FORMAT = dwarf;
				ENABLE_STRICT_OBJC_MSGSEND = YES;
				ENABLE_TESTABILITY = YES;
				GCC_C_LANGUAGE_STANDARD = gnu11;
				GCC_DYNAMIC_NO_PIC = NO;
				GCC_NO_COMMON_BLOCKS = YES;
				GCC_OPTIMIZATION_LEVEL = 0;
				GCC_PREPROCESSOR_DEFINITIONS = (
					"DEBUG=1",
					"$(inherited)",
				);
				GCC_WARN_64_TO_32_BIT_CONVERSION = YES;
				GCC_WARN_ABOUT_RETURN_TYPE = YES_ERROR;
				GCC_WARN_UNDECLARED_SELECTOR = YES;
				GCC_WARN_UNINITIALIZED_AUTOS = YES_AGGRESSIVE;
				GCC_WARN_UNUSED_FUNCTION = YES;
				GCC_WARN_UNUSED_VARIABLE = YES;
				IPHONEOS_DEPLOYMENT_TARGET = 14.0;
				MTL_ENABLE_DEBUG_INFO = INCLUDE_SOURCE;
				MTL_FAST_MATH = YES;
				ONLY_ACTIVE_ARCH = YES;
				SDKROOT = iphoneos;
				SWIFT_ACTIVE_COMPILATION_CONDITIONS = DEBUG;
				SWIFT_OPTIMIZATION_LEVEL = "-Onone";
			};
			name = Debug;
		};
		24ED44DB25596D300016D94D /* Release */ = {
			isa = XCBuildConfiguration;
			buildSettings = {
				ALWAYS_SEARCH_USER_PATHS = NO;
				CLANG_ANALYZER_NONNULL = YES;
				CLANG_ANALYZER_NUMBER_OBJECT_CONVERSION = YES_AGGRESSIVE;
				CLANG_CXX_LANGUAGE_STANDARD = "gnu++14";
				CLANG_CXX_LIBRARY = "libc++";
				CLANG_ENABLE_MODULES = YES;
				CLANG_ENABLE_OBJC_ARC = YES;
				CLANG_ENABLE_OBJC_WEAK = YES;
				CLANG_WARN_BLOCK_CAPTURE_AUTORELEASING = YES;
				CLANG_WARN_BOOL_CONVERSION = YES;
				CLANG_WARN_COMMA = YES;
				CLANG_WARN_CONSTANT_CONVERSION = YES;
				CLANG_WARN_DEPRECATED_OBJC_IMPLEMENTATIONS = YES;
				CLANG_WARN_DIRECT_OBJC_ISA_USAGE = YES_ERROR;
				CLANG_WARN_DOCUMENTATION_COMMENTS = YES;
				CLANG_WARN_EMPTY_BODY = YES;
				CLANG_WARN_ENUM_CONVERSION = YES;
				CLANG_WARN_INFINITE_RECURSION = YES;
				CLANG_WARN_INT_CONVERSION = YES;
				CLANG_WARN_NON_LITERAL_NULL_CONVERSION = YES;
				CLANG_WARN_OBJC_IMPLICIT_RETAIN_SELF = YES;
				CLANG_WARN_OBJC_LITERAL_CONVERSION = YES;
				CLANG_WARN_OBJC_ROOT_CLASS = YES_ERROR;
				CLANG_WARN_QUOTED_INCLUDE_IN_FRAMEWORK_HEADER = YES;
				CLANG_WARN_RANGE_LOOP_ANALYSIS = YES;
				CLANG_WARN_STRICT_PROTOTYPES = YES;
				CLANG_WARN_SUSPICIOUS_MOVE = YES;
				CLANG_WARN_UNGUARDED_AVAILABILITY = YES_AGGRESSIVE;
				CLANG_WARN_UNREACHABLE_CODE = YES;
				CLANG_WARN__DUPLICATE_METHOD_MATCH = YES;
				COPY_PHASE_STRIP = NO;
				DEBUG_INFORMATION_FORMAT = "dwarf-with-dsym";
				ENABLE_NS_ASSERTIONS = NO;
				ENABLE_STRICT_OBJC_MSGSEND = YES;
				GCC_C_LANGUAGE_STANDARD = gnu11;
				GCC_NO_COMMON_BLOCKS = YES;
				GCC_WARN_64_TO_32_BIT_CONVERSION = YES;
				GCC_WARN_ABOUT_RETURN_TYPE = YES_ERROR;
				GCC_WARN_UNDECLARED_SELECTOR = YES;
				GCC_WARN_UNINITIALIZED_AUTOS = YES_AGGRESSIVE;
				GCC_WARN_UNUSED_FUNCTION = YES;
				GCC_WARN_UNUSED_VARIABLE = YES;
				IPHONEOS_DEPLOYMENT_TARGET = 14.0;
				MTL_ENABLE_DEBUG_INFO = NO;
				MTL_FAST_MATH = YES;
				SDKROOT = iphoneos;
				SWIFT_COMPILATION_MODE = wholemodule;
				SWIFT_OPTIMIZATION_LEVEL = "-O";
				VALIDATE_PRODUCT = YES;
			};
			name = Release;
		};
		24ED44DD25596D300016D94D /* Debug */ = {
			isa = XCBuildConfiguration;
			buildSettings = {
				ASSETCATALOG_COMPILER_APPICON_NAME = AppIcon;
				ASSETCATALOG_COMPILER_GLOBAL_ACCENT_COLOR_NAME = AccentColor;
				CODE_SIGN_STYLE = Automatic;
				DEVELOPMENT_ASSET_PATHS = "\"SwiftUi-practice/Preview Content\"";
				DEVELOPMENT_TEAM = 929LF3XGVG;
				ENABLE_PREVIEWS = YES;
				INFOPLIST_FILE = "SwiftUi-practice/Info.plist";
				LD_RUNPATH_SEARCH_PATHS = (
					"$(inherited)",
					"@executable_path/Frameworks",
				);
				PRODUCT_BUNDLE_IDENTIFIER = "com.idm.SwiftUi-practice";
				PRODUCT_NAME = "$(TARGET_NAME)";
				SWIFT_VERSION = 5.0;
				TARGETED_DEVICE_FAMILY = "1,2";
			};
			name = Debug;
		};
		24ED44DE25596D300016D94D /* Release */ = {
			isa = XCBuildConfiguration;
			buildSettings = {
				ASSETCATALOG_COMPILER_APPICON_NAME = AppIcon;
				ASSETCATALOG_COMPILER_GLOBAL_ACCENT_COLOR_NAME = AccentColor;
				CODE_SIGN_STYLE = Automatic;
				DEVELOPMENT_ASSET_PATHS = "\"SwiftUi-practice/Preview Content\"";
				DEVELOPMENT_TEAM = 929LF3XGVG;
				ENABLE_PREVIEWS = YES;
				INFOPLIST_FILE = "SwiftUi-practice/Info.plist";
				LD_RUNPATH_SEARCH_PATHS = (
					"$(inherited)",
					"@executable_path/Frameworks",
				);
				PRODUCT_BUNDLE_IDENTIFIER = "com.idm.SwiftUi-practice";
				PRODUCT_NAME = "$(TARGET_NAME)";
				SWIFT_VERSION = 5.0;
				TARGETED_DEVICE_FAMILY = "1,2";
			};
			name = Release;
		};
		24ED44E025596D300016D94D /* Debug */ = {
			isa = XCBuildConfiguration;
			buildSettings = {
				ALWAYS_EMBED_SWIFT_STANDARD_LIBRARIES = YES;
				BUNDLE_LOADER = "$(TEST_HOST)";
				CODE_SIGN_STYLE = Automatic;
				DEVELOPMENT_TEAM = 929LF3XGVG;
				INFOPLIST_FILE = "SwiftUi-practiceTests/Info.plist";
				IPHONEOS_DEPLOYMENT_TARGET = 14.0;
				LD_RUNPATH_SEARCH_PATHS = (
					"$(inherited)",
					"@executable_path/Frameworks",
					"@loader_path/Frameworks",
				);
				PRODUCT_BUNDLE_IDENTIFIER = "com.idm.SwiftUi-practiceTests";
				PRODUCT_NAME = "$(TARGET_NAME)";
				SWIFT_VERSION = 5.0;
				TARGETED_DEVICE_FAMILY = "1,2";
				TEST_HOST = "$(BUILT_PRODUCTS_DIR)/SwiftUi-practice.app/SwiftUi-practice";
			};
			name = Debug;
		};
		24ED44E125596D300016D94D /* Release */ = {
			isa = XCBuildConfiguration;
			buildSettings = {
				ALWAYS_EMBED_SWIFT_STANDARD_LIBRARIES = YES;
				BUNDLE_LOADER = "$(TEST_HOST)";
				CODE_SIGN_STYLE = Automatic;
				DEVELOPMENT_TEAM = 929LF3XGVG;
				INFOPLIST_FILE = "SwiftUi-practiceTests/Info.plist";
				IPHONEOS_DEPLOYMENT_TARGET = 14.0;
				LD_RUNPATH_SEARCH_PATHS = (
					"$(inherited)",
					"@executable_path/Frameworks",
					"@loader_path/Frameworks",
				);
				PRODUCT_BUNDLE_IDENTIFIER = "com.idm.SwiftUi-practiceTests";
				PRODUCT_NAME = "$(TARGET_NAME)";
				SWIFT_VERSION = 5.0;
				TARGETED_DEVICE_FAMILY = "1,2";
				TEST_HOST = "$(BUILT_PRODUCTS_DIR)/SwiftUi-practice.app/SwiftUi-practice";
			};
			name = Release;
		};
		24ED44E325596D300016D94D /* Debug */ = {
			isa = XCBuildConfiguration;
			buildSettings = {
				ALWAYS_EMBED_SWIFT_STANDARD_LIBRARIES = YES;
				CODE_SIGN_STYLE = Automatic;
				DEVELOPMENT_TEAM = 929LF3XGVG;
				INFOPLIST_FILE = "SwiftUi-practiceUITests/Info.plist";
				LD_RUNPATH_SEARCH_PATHS = (
					"$(inherited)",
					"@executable_path/Frameworks",
					"@loader_path/Frameworks",
				);
				PRODUCT_BUNDLE_IDENTIFIER = "com.idm.SwiftUi-practiceUITests";
				PRODUCT_NAME = "$(TARGET_NAME)";
				SWIFT_VERSION = 5.0;
				TARGETED_DEVICE_FAMILY = "1,2";
				TEST_TARGET_NAME = "SwiftUi-practice";
			};
			name = Debug;
		};
		24ED44E425596D300016D94D /* Release */ = {
			isa = XCBuildConfiguration;
			buildSettings = {
				ALWAYS_EMBED_SWIFT_STANDARD_LIBRARIES = YES;
				CODE_SIGN_STYLE = Automatic;
				DEVELOPMENT_TEAM = 929LF3XGVG;
				INFOPLIST_FILE = "SwiftUi-practiceUITests/Info.plist";
				LD_RUNPATH_SEARCH_PATHS = (
					"$(inherited)",
					"@executable_path/Frameworks",
					"@loader_path/Frameworks",
				);
				PRODUCT_BUNDLE_IDENTIFIER = "com.idm.SwiftUi-practiceUITests";
				PRODUCT_NAME = "$(TARGET_NAME)";
				SWIFT_VERSION = 5.0;
				TARGETED_DEVICE_FAMILY = "1,2";
				TEST_TARGET_NAME = "SwiftUi-practice";
			};
			name = Release;
		};
/* End XCBuildConfiguration section */

/* Begin XCConfigurationList section */
		24ED44AD25596D2A0016D94D /* Build configuration list for PBXProject "SwiftUi-practice" */ = {
			isa = XCConfigurationList;
			buildConfigurations = (
				24ED44DA25596D300016D94D /* Debug */,
				24ED44DB25596D300016D94D /* Release */,
			);
			defaultConfigurationIsVisible = 0;
			defaultConfigurationName = Release;
		};
		24ED44DC25596D300016D94D /* Build configuration list for PBXNativeTarget "SwiftUi-practice" */ = {
			isa = XCConfigurationList;
			buildConfigurations = (
				24ED44DD25596D300016D94D /* Debug */,
				24ED44DE25596D300016D94D /* Release */,
			);
			defaultConfigurationIsVisible = 0;
			defaultConfigurationName = Release;
		};
		24ED44DF25596D300016D94D /* Build configuration list for PBXNativeTarget "SwiftUi-practiceTests" */ = {
			isa = XCConfigurationList;
			buildConfigurations = (
				24ED44E025596D300016D94D /* Debug */,
				24ED44E125596D300016D94D /* Release */,
			);
			defaultConfigurationIsVisible = 0;
			defaultConfigurationName = Release;
		};
		24ED44E225596D300016D94D /* Build configuration list for PBXNativeTarget "SwiftUi-practiceUITests" */ = {
			isa = XCConfigurationList;
			buildConfigurations = (
				24ED44E325596D300016D94D /* Debug */,
				24ED44E425596D300016D94D /* Release */,
			);
			defaultConfigurationIsVisible = 0;
			defaultConfigurationName = Release;
		};
/* End XCConfigurationList section */
	};
	rootObject = 24ED44AA25596D2A0016D94D /* Project object */;
}
